
Microsoft Visual Studio Solution File, Format Version 12.00
# Visual Studio Version 16
VisualStudioVersion = 16.0.32510.428
MinimumVisualStudioVersion = 10.0.40219.1
Project("{FAE04EC0-301F-11D3-BF4B-00C04F79EFBC}") = "CourseLibrary.API", "CourseLibrary.API\CourseLibrary.API.csproj", "{46C424D6-F4F0-4114-A133-73B400A5BC05}"
EndProject
Global
	GlobalSection(SolutionConfigurationPlatforms) = preSolution
		Debug|Any CPU = Debug|Any CPU
		Release|Any CPU = Release|Any CPU
	EndGlobalSection
	GlobalSection(ProjectConfigurationPlatforms) = postSolution
		{46C424D6-F4F0-4114-A133-73B400A5BC05}.Debug|Any CPU.ActiveCfg = Debug|Any CPU
		{46C424D6-F4F0-4114-A133-73B400A5BC05}.Debug|Any CPU.Build.0 = Debug|Any CPU
		{46C424D6-F4F0-4114-A133-73B400A5BC05}.Release|Any CPU.ActiveCfg = Release|Any CPU
		{46C424D6-F4F0-4114-A133-73B400A5BC05}.Release|Any CPU.Build.0 = Release|Any CPU
	EndGlobalSection
	GlobalSection(SolutionProperties) = preSolution
		HideSolutionNode = FALSE
	EndGlobalSection
	GlobalSection(ExtensibilityGlobals) = postSolution
		SolutionGuid = {DC9FE628-A41B-4981-8FFB-1417D3238B03}
	EndGlobalSection
EndGlobal
